{
    "_meta": {
        "hash": {
            "sha256": "89f8935f9cc1ff3780f7d46ebd6327a01cd5b6aaec5fc5577168e1ce15ed9a00"
        },
        "pipfile-spec": 6,
        "requires": {},
        "sources": [
            {
                "name": "pypi",
                "url": "https://pypi.python.org/simple",
                "verify_ssl": true
            }
        ]
    },
    "default": {
        "certifi": {
            "hashes": [
                "sha256:e4f3620cfea4f83eedc95b24abd9cd56f3c4b146dd0177e83a21b4eb49e21e50",
                "sha256:fd7c7c74727ddcf00e9acd26bba8da604ffec95bf1c2144e67aff7a8b50e6cef"
            ],
            "version": "==2019.9.11"
        },
        "chardet": {
            "hashes": [
                "sha256:84ab92ed1c4d4f16916e05906b6b75a6c0fb5db821cc65e70cbd64a3e2a5eaae",
                "sha256:fc323ffcaeaed0e0a02bf4d117757b98aed530d9ed4531e3e15460124c106691"
            ],
            "version": "==3.0.4"
        },
        "editorconfig": {
            "hashes": [
                "sha256:1b0ef345f9c3a673e492cfe608ed644b236139f7fceab5c6f513a71bcaf8a56c",
                "sha256:60d6f10b87d2572ac1581cb8c9f018163e2b13a9e49588f9fb6dc8c715a1744c"
            ],
            "version": "==0.12.2"
        },
        "facebook-wda": {
            "hashes": [
                "sha256:153a28dc9108eb90ef68972cd51454c5b6caa17836fb322d78312a3947851f9d",
                "sha256:986571706f76e697083a53acda8e7176341feaa6ad72b3f5f6ef14641eada02b",
                "sha256:ac112b8ecbf7426f3ee955ad819e95dfab39faf2f532827a534abc8f18000d31"
            ],
            "index": "pypi",
            "version": "==0.2.2.dev1"
        },
        "idna": {
            "hashes": [
                "sha256:156a6814fb5ac1fc6850fb002e0852d56c0c8d2531923a51032d1b70760e186e",
                "sha256:684a38a6f903c1d71d6d5fac066b58d7768af4de2b832e426ec79c30daa94a16"
            ],
            "version": "==2.7"
        },
        "jsbeautifier": {
            "hashes": [
                "sha256:78eb1e5c8535484f0d0b588aca38da3fb5e0e34de2d1ab53c077e71c55757473"
            ],
            "index": "pypi",
            "version": "==1.7.5"
        },
        "numpy": {
            "hashes": [
                "sha256:1479b46b6040b5c689831496354c8859c456b152d37315673a0c18720b41223b",
                "sha256:194074058c22a4066e1b6a4ea432486ee468d24ab16f13630c1030409e6b8666",
                "sha256:24bbec9a199f938eab75de8390f410969bc33c218e5430fa1ae9401b00865255",
                "sha256:289ff717138cd9aa133adcbd3c3e284458b9c8230db4d42b39083a3407370317",
                "sha256:3de643935b212307b420248018323a44ec51987a336d1d747c1322afc3c099fb",
                "sha256:428cd3c0b197cf857671353d8c85833193921af9fafcc169a1f29c7185833d50",
                "sha256:4e13f1a848fde960dea33702770265837c72b796a6a3eaac7528cfe75ddefadd",
                "sha256:5c54fb98ecf42da59ed93736d1c071842482b18657eb16ba6e466bd873e1b923",
                "sha256:6112f152b76a28c450bbf665da11757078a724a90330112f5b7ea2d6b6cefd67",
                "sha256:75471acf298d455b035226cc609a92aee42c4bb6aa71def85f77fa2c2b646b61",
                "sha256:781d3197da49c421a07f250750de70a52c42af08ca02a2f7bdb571c0625ae7eb",
                "sha256:7880f412543e96548374a4bb1d75e4cdb8cad80f3a101ed0f8d0e0428f719c1c",
                "sha256:7c5276763646480143d5f3a6c2acb2885460c765051a1baf4d5070f63d05010f",
                "sha256:91101216d72749df63968d86611b549438fb18af2c63849c01f9a897516133c7",
                "sha256:93b26d6c06a22e64d56aaca32aaaffd27a4143db0ac2f21a048f0b571f2bfc55",
                "sha256:97507349abb7d1f6b76b877258defe8720833881dc7e7fd052bac90c88587387",
                "sha256:98b1ac79c160e36093d7914244e40ee1e7164223e795aa2c71dcce367554e646",
                "sha256:9ddf384ac3aacb72e122a8207775cc29727cbd9c531ee1a4b95754f24f42f7f3",
                "sha256:a476e437d73e5754aa66e1e75840d0163119c3911b7361f4cd06985212a3c3fb",
                "sha256:b2547f57d05ba59df4289493254f29f4c9082d255f1f97b7e286f40f453e33a1",
                "sha256:c5eccb4bf96dbb2436c61bb3c2658139e779679b6ae0d04c5e268e6608b58053",
                "sha256:eef6af1c752eef538a96018ef9bdf8e37bbf28aab50a1436501a4aa47a6467df",
                "sha256:ff8a4b2c3ac831964f529a2da506c28d002562b230261ae5c16885f5f53d2e75"
            ],
            "index": "pypi",
            "version": "==1.14.0"
        },
        "opencv-python": {
            "hashes": [
                "sha256:090eead5a4540153332a6b9739f86292dc86276c6620dbfad77d489171fe9d6f",
                "sha256:1348a80b5be4d5b94f8b6152ec34202c864b2c861cbbf17f328168ca712e2781",
                "sha256:15f0ede983153dae21820b2346b1608d266618bf4cbc4a2941ae8326d9981f3e",
                "sha256:1e06996ff9ed99170aa473099f9dcbaf424f456ae4274205219a09cade104691",
                "sha256:3775e938d7be26a7b73a043470d25710cab4f49d49b4f81f4e95082a3be76642",
                "sha256:3cbb46a9cb8a301ef3d2f394b6ddc379b7d1de296f3f1f8f39756e7d5c29cdf6",
                "sha256:5e3d742d8d8c73ad9717d27be3d42561873aa581b9a472197b094fb0f5d3d74a",
                "sha256:776c971e26464ecc6e2417d7f4f2300da72f891a81acf5616cc63c9344a2679b",
                "sha256:78a45fe1f4f2a8101b94b848f568846235c91647be1eb84284c1772d4eb7b824",
                "sha256:7f4fe54b0e07d67c63a0309a7d397e9e94d7e3465ec2b070666cebc4ea9889ae",
                "sha256:86a436b17337d888abe4c892a850af23b1692dab25045e27d62160691f494835",
                "sha256:8a38b57557cd019fe3510e902080d6682c278e76cdef5ff240020faa8d7ba5a0",
                "sha256:a73b7d655b2ac56f1309e85d26a310bc960356616b84474f863cb7cd0b85daaf",
                "sha256:adc304007b5adbaf739dc31e57b363bf2373f7da316c25a7e363f648075edb98",
                "sha256:b2c85f7809dfc5944653296f19008f9cc1a9a035bdc7857678db499006d8dcd1",
                "sha256:b80ffde508e005aab6401312b62d2fc4f11556090011b00cd890a193c8b9737b",
                "sha256:d3cdae3bae25f52fc3bcaee2b0a476d85df5ae2ee4d2c46efc0ca9ea44438974",
                "sha256:d46d4e2a8e3a81e7559c6b393bb276cba148fe45cc555a77559911ae9f444fb7",
                "sha256:e31a4fe3818ea0c776c74e3c7c407996a757c6593fcbb3bc4223687504a89749",
                "sha256:f162f7c4e11cf87346867b8287c543b980976b333cd1eb4fd956034b53c6dff5",
                "sha256:f34b19e2b879d8d3201600bfafb4b29fb40ac09f9704e96916a8e522944f8395",
                "sha256:f68995482d912dcaea884da1b60d7cced64a7cd9dd30f4c688ffebe245d11982"
            ],
            "index": "pypi",
            "version": "==3.4.0.12"
        },
        "pillow": {
            "hashes": [
                "sha256:0013f590a8f260df60bcfd65db19d18efc04e7f046c3c82a40e2e2b3292a937c",
                "sha256:0b899ee80920bb533f26581af9b4660bc12aff4562555afe74e429101ebf3c94",
                "sha256:12f29d6c23424f704c66b5b68c02fe0b571504459605cfe36ab8158359b0e1bb",
                "sha256:153ec6f18f7b61641e0e6e502acfaf4a06c9aba2ea11c0b4b3578ea9f13a4a4a",
                "sha256:1912b7230459fd53682dae32b83cbd8e5d642ba36d4be18566f00a9c063aa13d",
                "sha256:1a5b93084e01328a1cb1ecdad99d11d75e881e89a95f88d85b523646553b36c2",
                "sha256:25193f934d37d836a6b1f4c062ce574a96cbca7c6d9dc8ddfbbac7f9c54deaa4",
                "sha256:2fcde9954c8882d1c7f93bb828caa34a4c5e3ee69dbc7895dc8652ad972b455a",
                "sha256:35f7d998b8e82fb3fb51ff88b30485eb81cd7dd56ec7e1a8deba23eb88532d44",
                "sha256:43334f9581cd067945b8898cef9eb5714ee4883f8de0304c011f1dbdb1d4e2aa",
                "sha256:4bd4a71501b6d51db4abc07e1f43f5a6fed0a1a9583cca0b401d6af50284b0db",
                "sha256:5b0d657460d9f3615876fec6306e97ca15a471f6169b622d76a47e270998acf1",
                "sha256:6977cf073d83358b34f93abf5c1f1193b88675fe0e4441e0e28318bc3dcba7a0",
                "sha256:718ec7a122b28d64afc5fbc3a9b99bb0545ef511373cac06fe7624520e82cb20",
                "sha256:801cca8923508311bf5d6d0f7da5362552e8208ebd8ec0d7b9f2cd2ff5705734",
                "sha256:8580fc58074a16b749905b26cf8363f7b628dd167ba0130f5382cdc91c86b509",
                "sha256:9525cd680a6f9e80c6c0af03cf973e6505c59f60b4745f682cd1a449e54b31bb",
                "sha256:a224651a81e45ef4f1d0164e256c5f6b4abb49f2ae8f22ba2f3a9d0ff338e608",
                "sha256:a370d1c570f1d72e877099651e752332444b1c5009381f043c9da5fd47f3ebae",
                "sha256:b1d33c63a55d0d85df0ad02b2c16158fb4d8153afa7b908f1a67330fac694cd6",
                "sha256:b2240f298482f823576f397bb9f32ea913ad9456c526e141bc6f0a022b37a3e8",
                "sha256:b85f703c2ffe539313e39ce0676bed0f355cec45a16e58c9ab7417445843047c",
                "sha256:b9f63451084a718eccdeb1e382768c94647915653af4d6019f64560d9e98642b",
                "sha256:c793dfaa130847ccff958492b76ae8b9304e60b8a79a92962cb19e368276a22b",
                "sha256:ddd16ab250b4fc97db1c47407e78c25216a75c29d29d10ad37e51b7a2ec7b2c3"
            ],
            "index": "pypi",
            "version": "==5.0.0"
        },
        "requests": {
            "hashes": [
                "sha256:99dcfdaaeb17caf6e526f32b6a7b780461512ab3f1d992187801694cba42770c",
                "sha256:a84b8c9ab6239b578f22d1c21d51b696dcfe004032bb80ea832398d6909d7279"
            ],
            "index": "pypi",
            "version": "==2.20.0"
        },
        "six": {
            "hashes": [
                "sha256:3350809f0555b11f552448330d0b52d5f24c91a322ea4a15ef22629740f3761c",
                "sha256:d16a0141ec1a18405cd4ce8b4613101da75da0e9a7aec5bdd4fa804d0e0eba73"
            ],
            "version": "==1.12.0"
        },
        "urllib3": {
            "hashes": [
                "sha256:2393a695cd12afedd0dcb26fe5d50d0cf248e5a66f75dbd89a3d4eb333a61af4",
                "sha256:a637e5fae88995b256e3409dc4d52c2e2e0ba32c42a6365fee8bbd2238de3cfb"
            ],
            "version": "==1.24.3"
        }
    },
    "develop": {}
}
